// !$*UTF8*$!
{
	archiveVersion = 1;
	classes = {
	};
	objectVersion = 46;
	objects = {

/* Begin PBXBuildFile section */
		3C28D3B01D2216C800FF4538 /* AppDelegate.swift in Sources */ = {isa = PBXBuildFile; fileRef = 3C28D3AF1D2216C800FF4538 /* AppDelegate.swift */; };
		3C28D3B21D2216C800FF4538 /* ViewController.swift in Sources */ = {isa = PBXBuildFile; fileRef = 3C28D3B11D2216C800FF4538 /* ViewController.swift */; };
		3C28D3B51D2216C800FF4538 /* Main.storyboard in Resources */ = {isa = PBXBuildFile; fileRef = 3C28D3B31D2216C800FF4538 /* Main.storyboard */; };
		3C28D3B81D2216C800FF4538 /* ImsApp.xcdatamodeld in Sources */ = {isa = PBXBuildFile; fileRef = 3C28D3B61D2216C800FF4538 /* ImsApp.xcdatamodeld */; };
		3C28D3BA1D2216C800FF4538 /* Assets.xcassets in Resources */ = {isa = PBXBuildFile; fileRef = 3C28D3B91D2216C800FF4538 /* Assets.xcassets */; };
		3C28D3BD1D2216C800FF4538 /* LaunchScreen.storyboard in Resources */ = {isa = PBXBuildFile; fileRef = 3C28D3BB1D2216C800FF4538 /* LaunchScreen.storyboard */; };
		3C28D3C81D2216C900FF4538 /* ImsAppTests.swift in Sources */ = {isa = PBXBuildFile; fileRef = 3C28D3C71D2216C900FF4538 /* ImsAppTests.swift */; };
		3C28D3D31D2216C900FF4538 /* ImsAppUITests.swift in Sources */ = {isa = PBXBuildFile; fileRef = 3C28D3D21D2216C900FF4538 /* ImsAppUITests.swift */; };
/* End PBXBuildFile section */

/* Begin PBXContainerItemProxy section */
		3C28D3C41D2216C900FF4538 /* PBXContainerItemProxy */ = {
			isa = PBXContainerItemProxy;
			containerPortal = 3C28D3A41D2216C800FF4538 /* Project object */;
			proxyType = 1;
			remoteGlobalIDString = 3C28D3AB1D2216C800FF4538;
			remoteInfo = ImsApp;
		};
		3C28D3CF1D2216C900FF4538 /* PBXContainerItemProxy */ = {
			isa = PBXContainerItemProxy;
			containerPortal = 3C28D3A41D2216C800FF4538 /* Project object */;
			proxyType = 1;
			remoteGlobalIDString = 3C28D3AB1D2216C800FF4538;
			remoteInfo = ImsApp;
		};
/* End PBXContainerItemProxy section */

/* Begin PBXFileReference section */
		3C28D3AC1D2216C800FF4538 /* ImsApp.app */ = {isa = PBXFileReference; explicitFileType = wrapper.application; includeInIndex = 0; path = ImsApp.app; sourceTree = BUILT_PRODUCTS_DIR; };
		3C28D3AF1D2216C800FF4538 /* AppDelegate.swift */ = {isa = PBXFileReference; lastKnownFileType = sourcecode.swift; path = AppDelegate.swift; sourceTree = "<group>"; };
		3C28D3B11D2216C800FF4538 /* ViewController.swift */ = {isa = PBXFileReference; lastKnownFileType = sourcecode.swift; path = ViewController.swift; sourceTree = "<group>"; };
		3C28D3B41D2216C800FF4538 /* Base */ = {isa = PBXFileReference; lastKnownFileType = file.storyboard; name = Base; path = Base.lproj/Main.storyboard; sourceTree = "<group>"; };
		3C28D3B71D2216C800FF4538 /* ImsApp.xcdatamodel */ = {isa = PBXFileReference; lastKnownFileType = wrapper.xcdatamodel; path = ImsApp.xcdatamodel; sourceTree = "<group>"; };
		3C28D3B91D2216C800FF4538 /* Assets.xcassets */ = {isa = PBXFileReference; lastKnownFileType = folder.assetcatalog; path = Assets.xcassets; sourceTree = "<group>"; };
		3C28D3BC1D2216C800FF4538 /* Base */ = {isa = PBXFileReference; lastKnownFileType = file.storyboard; name = Base; path = Base.lproj/LaunchScreen.storyboard; sourceTree = "<group>"; };
		3C28D3BE1D2216C800FF4538 /* Info.plist */ = {isa = PBXFileReference; lastKnownFileType = text.plist.xml; path = Info.plist; sourceTree = "<group>"; };
		3C28D3C31D2216C900FF4538 /* ImsAppTests.xctest */ = {isa = PBXFileReference; explicitFileType = wrapper.cfbundle; includeInIndex = 0; path = ImsAppTests.xctest; sourceTree = BUILT_PRODUCTS_DIR; };
		3C28D3C71D2216C900FF4538 /* ImsAppTests.swift */ = {isa = PBXFileReference; lastKnownFileType = sourcecode.swift; path = ImsAppTests.swift; sourceTree = "<group>"; };
		3C28D3C91D2216C900FF4538 /* Info.plist */ = {isa = PBXFileReference; lastKnownFileType = text.plist.xml; path = Info.plist; sourceTree = "<group>"; };
		3C28D3CE1D2216C900FF4538 /* ImsAppUITests.xctest */ = {isa = PBXFileReference; explicitFileType = wrapper.cfbundle; includeInIndex = 0; path = ImsAppUITests.xctest; sourceTree = BUILT_PRODUCTS_DIR; };
		3C28D3D21D2216C900FF4538 /* ImsAppUITests.swift */ = {isa = PBXFileReference; lastKnownFileType = sourcecode.swift; path = ImsAppUITests.swift; sourceTree = "<group>"; };
		3C28D3D41D2216C900FF4538 /* Info.plist */ = {isa = PBXFileReference; lastKnownFileType = text.plist.xml; path = Info.plist; sourceTree = "<group>"; };
/* End PBXFileReference section */

/* Begin PBXFrameworksBuildPhase section */
		3C28D3A91D2216C800FF4538 /* Frameworks */ = {
			isa = PBXFrameworksBuildPhase;
			buildActionMask = 2147483647;
			files = (
			);
			runOnlyForDeploymentPostprocessing = 0;
		};
		3C28D3C01D2216C900FF4538 /* Frameworks */ = {
			isa = PBXFrameworksBuildPhase;
			buildActionMask = 2147483647;
			files = (
			);
			runOnlyForDeploymentPostprocessing = 0;
		};
		3C28D3CB1D2216C900FF4538 /* Frameworks */ = {
			isa = PBXFrameworksBuildPhase;
			buildActionMask = 2147483647;
			files = (
			);
			runOnlyForDeploymentPostprocessing = 0;
		};
/* End PBXFrameworksBuildPhase section */

/* Begin PBXGroup section */
		3C28D3A31D2216C800FF4538 = {
			isa = PBXGroup;
			children = (
				3C28D3AE1D2216C800FF4538 /* ImsApp */,
				3C28D3C61D2216C900FF4538 /* ImsAppTests */,
				3C28D3D11D2216C900FF4538 /* ImsAppUITests */,
				3C28D3AD1D2216C800FF4538 /* Products */,
			);
			sourceTree = "<group>";
		};
		3C28D3AD1D2216C800FF4538 /* Products */ = {
			isa = PBXGroup;
			children = (
				3C28D3AC1D2216C800FF4538 /* ImsApp.app */,
				3C28D3C31D2216C900FF4538 /* ImsAppTests.xctest */,
				3C28D3CE1D2216C900FF4538 /* ImsAppUITests.xctest */,
			);
			name = Products;
			sourceTree = "<group>";
		};
		3C28D3AE1D2216C800FF4538 /* ImsApp */ = {
			isa = PBXGroup;
			children = (
				3C28D3AF1D2216C800FF4538 /* AppDelegate.swift */,
				3C28D3B11D2216C800FF4538 /* ViewController.swift */,
				3C28D3B31D2216C800FF4538 /* Main.storyboard */,
				3C28D3B91D2216C800FF4538 /* Assets.xcassets */,
				3C28D3BB1D2216C800FF4538 /* LaunchScreen.storyboard */,
				3C28D3BE1D2216C800FF4538 /* Info.plist */,
				3C28D3B61D2216C800FF4538 /* ImsApp.xcdatamodeld */,
			);
			path = ImsApp;
			sourceTree = "<group>";
		};
		3C28D3C61D2216C900FF4538 /* ImsAppTests */ = {
			isa = PBXGroup;
			children = (
				3C28D3C71D2216C900FF4538 /* ImsAppTests.swift */,
				3C28D3C91D2216C900FF4538 /* Info.plist */,
			);
			path = ImsAppTests;
			sourceTree = "<group>";
		};
		3C28D3D11D2216C900FF4538 /* ImsAppUITests */ = {
			isa = PBXGroup;
			children = (
				3C28D3D21D2216C900FF4538 /* ImsAppUITests.swift */,
				3C28D3D41D2216C900FF4538 /* Info.plist */,
			);
			path = ImsAppUITests;
			sourceTree = "<group>";
		};
/* End PBXGroup section */

/* Begin PBXNativeTarget section */
		3C28D3AB1D2216C800FF4538 /* ImsApp */ = {
			isa = PBXNativeTarget;
			buildConfigurationList = 3C28D3D71D2216C900FF4538 /* Build configuration list for PBXNativeTarget "ImsApp" */;
			buildPhases = (
				3C28D3A81D2216C800FF4538 /* Sources */,
				3C28D3A91D2216C800FF4538 /* Frameworks */,
				3C28D3AA1D2216C800FF4538 /* Resources */,
			);
			buildRules = (
			);
			dependencies = (
			);
			name = ImsApp;
			productName = ImsApp;
			productReference = 3C28D3AC1D2216C800FF4538 /* ImsApp.app */;
			productType = "com.apple.product-type.application";
		};
		3C28D3C21D2216C900FF4538 /* ImsAppTests */ = {
			isa = PBXNativeTarget;
			buildConfigurationList = 3C28D3DA1D2216C900FF4538 /* Build configuration list for PBXNativeTarget "ImsAppTests" */;
			buildPhases = (
				3C28D3BF1D2216C900FF4538 /* Sources */,
				3C28D3C01D2216C900FF4538 /* Frameworks */,
				3C28D3C11D2216C900FF4538 /* Resources */,
			);
			buildRules = (
			);
			dependencies = (
				3C28D3C51D2216C900FF4538 /* PBXTargetDependency */,
			);
			name = ImsAppTests;
			productName = ImsAppTests;
			productReference = 3C28D3C31D2216C900FF4538 /* ImsAppTests.xctest */;
			productType = "com.apple.product-type.bundle.unit-test";
		};
		3C28D3CD1D2216C900FF4538 /* ImsAppUITests */ = {
			isa = PBXNativeTarget;
			buildConfigurationList = 3C28D3DD1D2216C900FF4538 /* Build configuration list for PBXNativeTarget "ImsAppUITests" */;
			buildPhases = (
				3C28D3CA1D2216C900FF4538 /* Sources */,
				3C28D3CB1D2216C900FF4538 /* Frameworks */,
				3C28D3CC1D2216C900FF4538 /* Resources */,
			);
			buildRules = (
			);
			dependencies = (
				3C28D3D01D2216C900FF4538 /* PBXTargetDependency */,
			);
			name = ImsAppUITests;
			productName = ImsAppUITests;
			productReference = 3C28D3CE1D2216C900FF4538 /* ImsAppUITests.xctest */;
			productType = "com.apple.product-type.bundle.ui-testing";
		};
/* End PBXNativeTarget section */

/* Begin PBXProject section */
		3C28D3A41D2216C800FF4538 /* Project object */ = {
			isa = PBXProject;
			attributes = {
				LastSwiftUpdateCheck = 0730;
				LastUpgradeCheck = 0730;
				ORGANIZATIONNAME = Mark;
				TargetAttributes = {
					3C28D3AB1D2216C800FF4538 = {
						CreatedOnToolsVersion = 7.3.1;
					};
					3C28D3C21D2216C900FF4538 = {
						CreatedOnToolsVersion = 7.3.1;
						TestTargetID = 3C28D3AB1D2216C800FF4538;
					};
					3C28D3CD1D2216C900FF4538 = {
						CreatedOnToolsVersion = 7.3.1;
						TestTargetID = 3C28D3AB1D2216C800FF4538;
					};
				};
			};
			buildConfigurationList = 3C28D3A71D2216C800FF4538 /* Build configuration list for PBXProject "ImsApp" */;
			compatibilityVersion = "Xcode 3.2";
			developmentRegion = English;
			hasScannedForEncodings = 0;
			knownRegions = (
				en,
				Base,
			);
			mainGroup = 3C28D3A31D2216C800FF4538;
			productRefGroup = 3C28D3AD1D2216C800FF4538 /* Products */;
			projectDirPath = "";
			projectRoot = "";
			targets = (
				3C28D3AB1D2216C800FF4538 /* ImsApp */,
				3C28D3C21D2216C900FF4538 /* ImsAppTests */,
				3C28D3CD1D2216C900FF4538 /* ImsAppUITests */,
			);
		};
/* End PBXProject section */

/* Begin PBXResourcesBuildPhase section */
		3C28D3AA1D2216C800FF4538 /* Resources */ = {
			isa = PBXResourcesBuildPhase;
			buildActionMask = 2147483647;
			files = (
				3C28D3BD1D2216C800FF4538 /* LaunchScreen.storyboard in Resources */,
				3C28D3BA1D2216C800FF4538 /* Assets.xcassets in Resources */,
				3C28D3B51D2216C800FF4538 /* Main.storyboard in Resources */,
			);
			runOnlyForDeploymentPostprocessing = 0;
		};
		3C28D3C11D2216C900FF4538 /* Resources */ = {
			isa = PBXResourcesBuildPhase;
			buildActionMask = 2147483647;
			files = (
			);
			runOnlyForDeploymentPostprocessing = 0;
		};
		3C28D3CC1D2216C900FF4538 /* Resources */ = {
			isa = PBXResourcesBuildPhase;
			buildActionMask = 2147483647;
			files = (
			);
			runOnlyForDeploymentPostprocessing = 0;
		};
/* End PBXResourcesBuildPhase section */

/* Begin PBXSourcesBuildPhase section */
		3C28D3A81D2216C800FF4538 /* Sources */ = {
			isa = PBXSourcesBuildPhase;
			buildActionMask = 2147483647;
			files = (
				3C28D3B21D2216C800FF4538 /* ViewController.swift in Sources */,
				3C28D3B81D2216C800FF4538 /* ImsApp.xcdatamodeld in Sources */,
				3C28D3B01D2216C800FF4538 /* AppDelegate.swift in Sources */,
			);
			runOnlyForDeploymentPostprocessing = 0;
		};
		3C28D3BF1D2216C900FF4538 /* Sources */ = {
			isa = PBXSourcesBuildPhase;
			buildActionMask = 2147483647;
			files = (
				3C28D3C81D2216C900FF4538 /* ImsAppTests.swift in Sources */,
			);
			runOnlyForDeploymentPostprocessing = 0;
		};
		3C28D3CA1D2216C900FF4538 /* Sources */ = {
			isa = PBXSourcesBuildPhase;
			buildActionMask = 2147483647;
			files = (
				3C28D3D31D2216C900FF4538 /* ImsAppUITests.swift in Sources */,
			);
			runOnlyForDeploymentPostprocessing = 0;
		};
/* End PBXSourcesBuildPhase section */

/* Begin PBXTargetDependency section */
		3C28D3C51D2216C900FF4538 /* PBXTargetDependency */ = {
			isa = PBXTargetDependency;
			target = 3C28D3AB1D2216C800FF4538 /* ImsApp */;
			targetProxy = 3C28D3C41D2216C900FF4538 /* PBXContainerItemProxy */;
		};
		3C28D3D01D2216C900FF4538 /* PBXTargetDependency */ = {
			isa = PBXTargetDependency;
			target = 3C28D3AB1D2216C800FF4538 /* ImsApp */;
			targetProxy = 3C28D3CF1D2216C900FF4538 /* PBXContainerItemProxy */;
		};
/* End PBXTargetDependency section */

/* Begin PBXVariantGroup section */
		3C28D3B31D2216C800FF4538 /* Main.storyboard */ = {
			isa = PBXVariantGroup;
			children = (
				3C28D3B41D2216C800FF4538 /* Base */,
			);
			name = Main.storyboard;
			sourceTree = "<group>";
		};
		3C28D3BB1D2216C800FF4538 /* LaunchScreen.storyboard */ = {
			isa = PBXVariantGroup;
			children = (
				3C28D3BC1D2216C800FF4538 /* Base */,
			);
			name = LaunchScreen.storyboard;
			sourceTree = "<group>";
		};
/* End PBXVariantGroup section */

/* Begin XCBuildConfiguration section */
		3C28D3D51D2216C900FF4538 /* Debug */ = {
			isa = XCBuildConfiguration;
			buildSettings = {
				ALWAYS_SEARCH_USER_PATHS = NO;
				CLANG_ANALYZER_NONNULL = YES;
				CLANG_CXX_LANGUAGE_STANDARD = "gnu++0x";
				CLANG_CXX_LIBRARY = "libc++";
				CLANG_ENABLE_MODULES = YES;
				CLANG_ENABLE_OBJC_ARC = YES;
				CLANG_WARN_BOOL_CONVERSION = YES;
				CLANG_WARN_CONSTANT_CONVERSION = YES;
				CLANG_WARN_DIRECT_OBJC_ISA_USAGE = YES_ERROR;
				CLANG_WARN_EMPTY_BODY = YES;
				CLANG_WARN_ENUM_CONVERSION = YES;
				CLANG_WARN_INT_CONVERSION = YES;
				CLANG_WARN_OBJC_ROOT_CLASS = YES_ERROR;
				CLANG_WARN_UNREACHABLE_CODE = YES;
				CLANG_WARN__DUPLICATE_METHOD_MATCH = YES;
				"CODE_SIGN_IDENTITY[sdk=iphoneos*]" = "iPhone Developer";
				COPY_PHASE_STRIP = NO;
				DEBUG_INFORMATION_FORMAT = dwarf;
				ENABLE_STRICT_OBJC_MSGSEND = YES;
				ENABLE_TESTABILITY = YES;
				GCC_C_LANGUAGE_STANDARD = gnu99;
				GCC_DYNAMIC_NO_PIC = NO;
				GCC_NO_COMMON_BLOCKS = YES;
				GCC_OPTIMIZATION_LEVEL = 0;
				GCC_PREPROCESSOR_DEFINITIONS = (
					"DEBUG=1",
					"$(inherited)",
				);
				GCC_WARN_64_TO_32_BIT_CONVERSION = YES;
				GCC_WARN_ABOUT_RETURN_TYPE = YES_ERROR;
				GCC_WARN_UNDECLARED_SELECTOR = YES;
				GCC_WARN_UNINITIALIZED_AUTOS = YES_AGGRESSIVE;
				GCC_WARN_UNUSED_FUNCTION = YES;
				GCC_WARN_UNUSED_VARIABLE = YES;
				IPHONEOS_DEPLOYMENT_TARGET = 9.3;
				MTL_ENABLE_DEBUG_INFO = YES;
				ONLY_ACTIVE_ARCH = YES;
				SDKROOT = iphoneos;
				SWIFT_OPTIMIZATION_LEVEL = "-Onone";
				TARGETED_DEVICE_FAMILY = "1,2";
			};
			name = Debug;
		};
		3C28D3D61D2216C900FF4538 /* Release */ = {
			isa = XCBuildConfiguration;
			buildSettings = {
				ALWAYS_SEARCH_USER_PATHS = NO;
				CLANG_ANALYZER_NONNULL = YES;
				CLANG_CXX_LANGUAGE_STANDARD = "gnu++0x";
				CLANG_CXX_LIBRARY = "libc++";
				CLANG_ENABLE_MODULES = YES;
				CLANG_ENABLE_OBJC_ARC = YES;
				CLANG_WARN_BOOL_CONVERSION = YES;
				CLANG_WARN_CONSTANT_CONVERSION = YES;
				CLANG_WARN_DIRECT_OBJC_ISA_USAGE = YES_ERROR;
				CLANG_WARN_EMPTY_BODY = YES;
				CLANG_WARN_ENUM_CONVERSION = YES;
				CLANG_WARN_INT_CONVERSION = YES;
				CLANG_WARN_OBJC_ROOT_CLASS = YES_ERROR;
				CLANG_WARN_UNREACHABLE_CODE = YES;
				CLANG_WARN__DUPLICATE_METHOD_MATCH = YES;
				"CODE_SIGN_IDENTITY[sdk=iphoneos*]" = "iPhone Developer";
				COPY_PHASE_STRIP = NO;
				DEBUG_INFORMATION_FORMAT = "dwarf-with-dsym";
				ENABLE_NS_ASSERTIONS = NO;
				ENABLE_STRICT_OBJC_MSGSEND = YES;
				GCC_C_LANGUAGE_STANDARD = gnu99;
				GCC_NO_COMMON_BLOCKS = YES;
				GCC_WARN_64_TO_32_BIT_CONVERSION = YES;
				GCC_WARN_ABOUT_RETURN_TYPE = YES_ERROR;
				GCC_WARN_UNDECLARED_SELECTOR = YES;
				GCC_WARN_UNINITIALIZED_AUTOS = YES_AGGRESSIVE;
				GCC_WARN_UNUSED_FUNCTION = YES;
				GCC_WARN_UNUSED_VARIABLE = YES;
				IPHONEOS_DEPLOYMENT_TARGET = 9.3;
				MTL_ENABLE_DEBUG_INFO = NO;
				SDKROOT = iphoneos;
				TARGETED_DEVICE_FAMILY = "1,2";
				VALIDATE_PRODUCT = YES;
			};
			name = Release;
		};
		3C28D3D81D2216C900FF4538 /* Debug */ = {
			isa = XCBuildConfiguration;
			buildSettings = {
				ASSETCATALOG_COMPILER_APPICON_NAME = AppIcon;
				INFOPLIST_FILE = ImsApp/Info.plist;
				LD_RUNPATH_SEARCH_PATHS = "$(inherited) @executable_path/Frameworks";
				PRODUCT_BUNDLE_IDENTIFIER = MarkTest.ImsApp;
				PRODUCT_NAME = "$(TARGET_NAME)";
			};
			name = Debug;
		};
		3C28D3D91D2216C900FF4538 /* Release */ = {
			isa = XCBuildConfiguration;
			buildSettings = {
				ASSETCATALOG_COMPILER_APPICON_NAME = AppIcon;
				INFOPLIST_FILE = ImsApp/Info.plist;
				LD_RUNPATH_SEARCH_PATHS = "$(inherited) @executable_path/Frameworks";
				PRODUCT_BUNDLE_IDENTIFIER = MarkTest.ImsApp;
				PRODUCT_NAME = "$(TARGET_NAME)";
			};
			name = Release;
		};
		3C28D3DB1D2216C900FF4538 /* Debug */ = {
			isa = XCBuildConfiguration;
			buildSettings = {
				BUNDLE_LOADER = "$(TEST_HOST)";
				INFOPLIST_FILE = ImsAppTests/Info.plist;
				LD_RUNPATH_SEARCH_PATHS = "$(inherited) @executable_path/Frameworks @loader_path/Frameworks";
				PRODUCT_BUNDLE_IDENTIFIER = MarkTest.ImsAppTests;
				PRODUCT_NAME = "$(TARGET_NAME)";
				TEST_HOST = "$(BUILT_PRODUCTS_DIR)/ImsApp.app/ImsApp";
			};
			name = Debug;
		};
		3C28D3DC1D2216C900FF4538 /* Release */ = {
			isa = XCBuildConfiguration;
			buildSettings = {
				BUNDLE_LOADER = "$(TEST_HOST)";
				INFOPLIST_FILE = ImsAppTests/Info.plist;
				LD_RUNPATH_SEARCH_PATHS = "$(inherited) @executable_path/Frameworks @loader_path/Frameworks";
				PRODUCT_BUNDLE_IDENTIFIER = MarkTest.ImsAppTests;
				PRODUCT_NAME = "$(TARGET_NAME)";
				TEST_HOST = "$(BUILT_PRODUCTS_DIR)/ImsApp.app/ImsApp";
			};
			name = Release;
		};
		3C28D3DE1D2216C900FF4538 /* Debug */ = {
			isa = XCBuildConfiguration;
			buildSettings = {
				INFOPLIST_FILE = ImsAppUITests/Info.plist;
				LD_RUNPATH_SEARCH_PATHS = "$(inherited) @executable_path/Frameworks @loader_path/Frameworks";
				PRODUCT_BUNDLE_IDENTIFIER = MarkTest.ImsAppUITests;
				PRODUCT_NAME = "$(TARGET_NAME)";
				TEST_TARGET_NAME = ImsApp;
			};
			name = Debug;
		};
		3C28D3DF1D2216C900FF4538 /* Release */ = {
			isa = XCBuildConfiguration;
			buildSettings = {
				INFOPLIST_FILE = ImsAppUITests/Info.plist;
				LD_RUNPATH_SEARCH_PATHS = "$(inherited) @executable_path/Frameworks @loader_path/Frameworks";
				PRODUCT_BUNDLE_IDENTIFIER = MarkTest.ImsAppUITests;
				PRODUCT_NAME = "$(TARGET_NAME)";
				TEST_TARGET_NAME = ImsApp;
			};
			name = Release;
		};
/* End XCBuildConfiguration section */

/* Begin XCConfigurationList section */
		3C28D3A71D2216C800FF4538 /* Build configuration list for PBXProject "ImsApp" */ = {
			isa = XCConfigurationList;
			buildConfigurations = (
				3C28D3D51D2216C900FF4538 /* Debug */,
				3C28D3D61D2216C900FF4538 /* Release */,
			);
			defaultConfigurationIsVisible = 0;
			defaultConfigurationName = Release;
		};
		3C28D3D71D2216C900FF4538 /* Build configuration list for PBXNativeTarget "ImsApp" */ = {
			isa = XCConfigurationList;
			buildConfigurations = (
				3C28D3D81D2216C900FF4538 /* Debug */,
				3C28D3D91D2216C900FF4538 /* Release */,
			);
			defaultConfigurationIsVisible = 0;
		};
		3C28D3DA1D2216C900FF4538 /* Build configuration list for PBXNativeTarget "ImsAppTests" */ = {
			isa = XCConfigurationList;
			buildConfigurations = (
				3C28D3DB1D2216C900FF4538 /* Debug */,
				3C28D3DC1D2216C900FF4538 /* Release */,
			);
			defaultConfigurationIsVisible = 0;
		};
		3C28D3DD1D2216C900FF4538 /* Build configuration list for PBXNativeTarget "ImsAppUITests" */ = {
			isa = XCConfigurationList;
			buildConfigurations = (
				3C28D3DE1D2216C900FF4538 /* Debug */,
				3C28D3DF1D2216C900FF4538 /* Release */,
			);
			defaultConfigurationIsVisible = 0;
		};
/* End XCConfigurationList section */

/* Begin XCVersionGroup section */
		3C28D3B61D2216C800FF4538 /* ImsApp.xcdatamodeld */ = {
			isa = XCVersionGroup;
			children = (
				3C28D3B71D2216C800FF4538 /* ImsApp.xcdatamodel */,
			);
			currentVersion = 3C28D3B71D2216C800FF4538 /* ImsApp.xcdatamodel */;
			path = ImsApp.xcdatamodeld;
			sourceTree = "<group>";
			versionGroupType = wrapper.xcdatamodel;
		};
/* End XCVersionGroup section */
	};
	rootObject = 3C28D3A41D2216C800FF4538 /* Project object */;
}
